
Microsoft Visual Studio Solution File, Format Version 12.00
# Visual Studio Version 16
VisualStudioVersion = 16.0.28803.916
MinimumVisualStudioVersion = 10.0.40219.1
Project("{9A19103F-16F7-4668-BE54-9A1E7A4F7556}") = "eShopSolution.WebApp", "eShopSolution.WebApp\eShopSolution.WebApp.csproj", "{F433F26A-2A45-492E-8178-29AA0D0F0C82}"
EndProject
Project("{2150E333-8FDC-42A3-9474-1A3956D46DE8}") = "0.Solution Items", "0.Solution Items", "{B51E7F9C-F080-4B65-A27B-C742D62E94E2}"
	ProjectSection(SolutionItems) = preProject
		README.md = README.md
	EndProjectSection
EndProject
Project("{9A19103F-16F7-4668-BE54-9A1E7A4F7556}") = "eShopSolution.Data", "eShopSolution.Data\eShopSolution.Data.csproj", "{E21CEC98-A233-4E4D-B75B-5C6421D4C07A}"
EndProject
Project("{9A19103F-16F7-4668-BE54-9A1E7A4F7556}") = "eShopSolution.Application", "eShopSolution.Application\eShopSolution.Application.csproj", "{D5DE7704-061C-41A1-B277-ED3066D6DE08}"
EndProject
Project("{9A19103F-16F7-4668-BE54-9A1E7A4F7556}") = "eShopSolution.Utilities", "eShopSolution.Utilities\eShopSolution.Utilities.csproj", "{43819DB7-B64B-487E-B05A-2021ADA70D21}"
EndProject
Project("{9A19103F-16F7-4668-BE54-9A1E7A4F7556}") = "eShopSolution.ViewModels", "eShopSolution.ViewModels\eShopSolution.ViewModels.csproj", "{363B928A-DF17-44E5-BDE7-5E6055239A39}"
EndProject
Project("{9A19103F-16F7-4668-BE54-9A1E7A4F7556}") = "eShopSolution.BackendApi", "eShopSolution.BackendApi\eShopSolution.BackendApi.csproj", "{FAD153AD-0397-49C1-A972-79D4D80EE306}"
EndProject
Project("{2150E333-8FDC-42A3-9474-1A3956D46DE8}") = "1.Infrastructure", "1.Infrastructure", "{B59D3EC1-AFAF-4DD3-AE5C-2AE79DF55BF2}"
EndProject
Project("{2150E333-8FDC-42A3-9474-1A3956D46DE8}") = "2.Domain", "2.Domain", "{C01EC21C-5A15-45E5-9394-77F8DE12219E}"
EndProject
Project("{2150E333-8FDC-42A3-9474-1A3956D46DE8}") = "3.Hosts", "3.Hosts", "{6577D11B-0AAA-4A03-9959-985952918809}"
EndProject
Project("{9A19103F-16F7-4668-BE54-9A1E7A4F7556}") = "eShopSolution.AdminApp", "eShopSolution.AdminApp\eShopSolution.AdminApp.csproj", "{AD9FD5F4-6881-48F6-8C05-FB858E6A5D1E}"
EndProject
Project("{FAE04EC0-301F-11D3-BF4B-00C04F79EFBC}") = "eShopSolution.ApiIntegration", "eShopSolution.ApiIntegration\eShopSolution.ApiIntegration.csproj", "{416F4150-D08C-4EA3-8375-0A2B3553798B}"
EndProject
Global
	GlobalSection(SolutionConfigurationPlatforms) = preSolution
		Debug|Any CPU = Debug|Any CPU
		Release|Any CPU = Release|Any CPU
	EndGlobalSection
	GlobalSection(ProjectConfigurationPlatforms) = postSolution
		{F433F26A-2A45-492E-8178-29AA0D0F0C82}.Debug|Any CPU.ActiveCfg = Debug|Any CPU
		{F433F26A-2A45-492E-8178-29AA0D0F0C82}.Debug|Any CPU.Build.0 = Debug|Any CPU
		{F433F26A-2A45-492E-8178-29AA0D0F0C82}.Release|Any CPU.ActiveCfg = Release|Any CPU
		{F433F26A-2A45-492E-8178-29AA0D0F0C82}.Release|Any CPU.Build.0 = Release|Any CPU
		{E21CEC98-A233-4E4D-B75B-5C6421D4C07A}.Debug|Any CPU.ActiveCfg = Debug|Any CPU
		{E21CEC98-A233-4E4D-B75B-5C6421D4C07A}.Debug|Any CPU.Build.0 = Debug|Any CPU
		{E21CEC98-A233-4E4D-B75B-5C6421D4C07A}.Release|Any CPU.ActiveCfg = Release|Any CPU
		{E21CEC98-A233-4E4D-B75B-5C6421D4C07A}.Release|Any CPU.Build.0 = Release|Any CPU
		{D5DE7704-061C-41A1-B277-ED3066D6DE08}.Debug|Any CPU.ActiveCfg = Debug|Any CPU
		{D5DE7704-061C-41A1-B277-ED3066D6DE08}.Debug|Any CPU.Build.0 = Debug|Any CPU
		{D5DE7704-061C-41A1-B277-ED3066D6DE08}.Release|Any CPU.ActiveCfg = Release|Any CPU
		{D5DE7704-061C-41A1-B277-ED3066D6DE08}.Release|Any CPU.Build.0 = Release|Any CPU
		{43819DB7-B64B-487E-B05A-2021ADA70D21}.Debug|Any CPU.ActiveCfg = Debug|Any CPU
		{43819DB7-B64B-487E-B05A-2021ADA70D21}.Debug|Any CPU.Build.0 = Debug|Any CPU
		{43819DB7-B64B-487E-B05A-2021ADA70D21}.Release|Any CPU.ActiveCfg = Release|Any CPU
		{43819DB7-B64B-487E-B05A-2021ADA70D21}.Release|Any CPU.Build.0 = Release|Any CPU
		{363B928A-DF17-44E5-BDE7-5E6055239A39}.Debug|Any CPU.ActiveCfg = Debug|Any CPU
		{363B928A-DF17-44E5-BDE7-5E6055239A39}.Debug|Any CPU.Build.0 = Debug|Any CPU
		{363B928A-DF17-44E5-BDE7-5E6055239A39}.Release|Any CPU.ActiveCfg = Release|Any CPU
		{363B928A-DF17-44E5-BDE7-5E6055239A39}.Release|Any CPU.Build.0 = Release|Any CPU
		{FAD153AD-0397-49C1-A972-79D4D80EE306}.Debug|Any CPU.ActiveCfg = Debug|Any CPU
		{FAD153AD-0397-49C1-A972-79D4D80EE306}.Debug|Any CPU.Build.0 = Debug|Any CPU
		{FAD153AD-0397-49C1-A972-79D4D80EE306}.Release|Any CPU.ActiveCfg = Release|Any CPU
		{FAD153AD-0397-49C1-A972-79D4D80EE306}.Release|Any CPU.Build.0 = Release|Any CPU
		{AD9FD5F4-6881-48F6-8C05-FB858E6A5D1E}.Debug|Any CPU.ActiveCfg = Debug|Any CPU
		{AD9FD5F4-6881-48F6-8C05-FB858E6A5D1E}.Debug|Any CPU.Build.0 = Debug|Any CPU
		{AD9FD5F4-6881-48F6-8C05-FB858E6A5D1E}.Release|Any CPU.ActiveCfg = Release|Any CPU
		{AD9FD5F4-6881-48F6-8C05-FB858E6A5D1E}.Release|Any CPU.Build.0 = Release|Any CPU
		{416F4150-D08C-4EA3-8375-0A2B3553798B}.Debug|Any CPU.ActiveCfg = Debug|Any CPU
		{416F4150-D08C-4EA3-8375-0A2B3553798B}.Debug|Any CPU.Build.0 = Debug|Any CPU
		{416F4150-D08C-4EA3-8375-0A2B3553798B}.Release|Any CPU.ActiveCfg = Release|Any CPU
		{416F4150-D08C-4EA3-8375-0A2B3553798B}.Release|Any CPU.Build.0 = Release|Any CPU
	EndGlobalSection
	GlobalSection(SolutionProperties) = preSolution
		HideSolutionNode = FALSE
	EndGlobalSection
	GlobalSection(NestedProjects) = preSolution
		{F433F26A-2A45-492E-8178-29AA0D0F0C82} = {6577D11B-0AAA-4A03-9959-985952918809}
		{E21CEC98-A233-4E4D-B75B-5C6421D4C07A} = {C01EC21C-5A15-45E5-9394-77F8DE12219E}
		{D5DE7704-061C-41A1-B277-ED3066D6DE08} = {C01EC21C-5A15-45E5-9394-77F8DE12219E}
		{43819DB7-B64B-487E-B05A-2021ADA70D21} = {B59D3EC1-AFAF-4DD3-AE5C-2AE79DF55BF2}
		{363B928A-DF17-44E5-BDE7-5E6055239A39} = {B59D3EC1-AFAF-4DD3-AE5C-2AE79DF55BF2}
		{FAD153AD-0397-49C1-A972-79D4D80EE306} = {6577D11B-0AAA-4A03-9959-985952918809}
		{AD9FD5F4-6881-48F6-8C05-FB858E6A5D1E} = {6577D11B-0AAA-4A03-9959-985952918809}
		{416F4150-D08C-4EA3-8375-0A2B3553798B} = {6577D11B-0AAA-4A03-9959-985952918809}
	EndGlobalSection
	GlobalSection(ExtensibilityGlobals) = postSolution
		SolutionGuid = {5108B6A7-ADB4-4E30-8FC4-2282F41390E1}
	EndGlobalSection
EndGlobal
